version: 2.0
shards:
  ameba:
    git: https://github.com/crystal-ameba/ameba.git
    version: 1.7.0

  fsutils:
    git: https://github.com/nogginly/fsutils.cr.git
    version: 0.4.0+git.commit.28c2fc25408fb146034b859f134bc2961cea51d8

  html5:
    git: https://github.com/naqvis/crystal-html5.git
    version: 0.7.0

  liaison:
    git: https://github.com/modelarmy/liaison.cr.git
    version: 0.2.2+git.commit.5afaaa08e36fbe25039011e48360f34bc3afd1b6

  socket_connect_fix:
    git: https://github.com/nogginly/socket_connect_fix.cr.git
    version: 0.1.1

  wiretap:
    git: https://github.com/nogginly/wiretap.cr.git
    version: 0.4.2

  xpath2:
    git: https://github.com/naqvis/crystal-xpath2.git
    version: 0.2.0

